// !$*UTF8*$!
{
	archiveVersion = 1;
	classes = {
	};
	objectVersion = 46;
	objects = {

/* Begin PBXBuildFile section */
		5DFE4A1C1F75AF100008FE31 /* AppDelegate.swift in Sources */ = {isa = PBXBuildFile; fileRef = 5DFE4A1B1F75AF100008FE31 /* AppDelegate.swift */; };
		5DFE4A1E1F75AF100008FE31 /* ViewController.swift in Sources */ = {isa = PBXBuildFile; fileRef = 5DFE4A1D1F75AF100008FE31 /* ViewController.swift */; };
		5DFE4A211F75AF100008FE31 /* Main.storyboard in Resources */ = {isa = PBXBuildFile; fileRef = 5DFE4A1F1F75AF100008FE31 /* Main.storyboard */; };
		5DFE4A231F75AF100008FE31 /* Assets.xcassets in Resources */ = {isa = PBXBuildFile; fileRef = 5DFE4A221F75AF100008FE31 /* Assets.xcassets */; };
		5DFE4A261F75AF100008FE31 /* LaunchScreen.storyboard in Resources */ = {isa = PBXBuildFile; fileRef = 5DFE4A241F75AF100008FE31 /* LaunchScreen.storyboard */; };
		5DFE4A311F75AF100008FE31 /* Demo_Swift_ObjectMapperTests.swift in Sources */ = {isa = PBXBuildFile; fileRef = 5DFE4A301F75AF100008FE31 /* Demo_Swift_ObjectMapperTests.swift */; };
		5DFE4A3C1F75AF100008FE31 /* Demo_Swift_ObjectMapperUITests.swift in Sources */ = {isa = PBXBuildFile; fileRef = 5DFE4A3B1F75AF100008FE31 /* Demo_Swift_ObjectMapperUITests.swift */; };
		5DFE4AC21F763F340008FE31 /* ObjectMapper.framework in Frameworks */ = {isa = PBXBuildFile; fileRef = 5DFE4AC11F763F340008FE31 /* ObjectMapper.framework */; };
		5DFE4AC51F7640000008FE31 /* Item.swift in Sources */ = {isa = PBXBuildFile; fileRef = 5DFE4AC41F7640000008FE31 /* Item.swift */; };
		5DFE4AC61F7640000008FE31 /* Item.swift in Sources */ = {isa = PBXBuildFile; fileRef = 5DFE4AC41F7640000008FE31 /* Item.swift */; };
		5DFE4AC71F7640000008FE31 /* Item.swift in Sources */ = {isa = PBXBuildFile; fileRef = 5DFE4AC41F7640000008FE31 /* Item.swift */; };
/* End PBXBuildFile section */

/* Begin PBXContainerItemProxy section */
		5DFE4A2D1F75AF100008FE31 /* PBXContainerItemProxy */ = {
			isa = PBXContainerItemProxy;
			containerPortal = 5DFE4A101F75AF100008FE31 /* Project object */;
			proxyType = 1;
			remoteGlobalIDString = 5DFE4A171F75AF100008FE31;
			remoteInfo = "Demo Swift ObjectMapper";
		};
		5DFE4A381F75AF100008FE31 /* PBXContainerItemProxy */ = {
			isa = PBXContainerItemProxy;
			containerPortal = 5DFE4A101F75AF100008FE31 /* Project object */;
			proxyType = 1;
			remoteGlobalIDString = 5DFE4A171F75AF100008FE31;
			remoteInfo = "Demo Swift ObjectMapper";
		};
/* End PBXContainerItemProxy section */

/* Begin PBXFileReference section */
		5DFE4A181F75AF100008FE31 /* Demo Swift ObjectMapper.app */ = {isa = PBXFileReference; explicitFileType = wrapper.application; includeInIndex = 0; path = "Demo Swift ObjectMapper.app"; sourceTree = BUILT_PRODUCTS_DIR; };
		5DFE4A1B1F75AF100008FE31 /* AppDelegate.swift */ = {isa = PBXFileReference; lastKnownFileType = sourcecode.swift; path = AppDelegate.swift; sourceTree = "<group>"; };
		5DFE4A1D1F75AF100008FE31 /* ViewController.swift */ = {isa = PBXFileReference; lastKnownFileType = sourcecode.swift; path = ViewController.swift; sourceTree = "<group>"; };
		5DFE4A201F75AF100008FE31 /* Base */ = {isa = PBXFileReference; lastKnownFileType = file.storyboard; name = Base; path = Base.lproj/Main.storyboard; sourceTree = "<group>"; };
		5DFE4A221F75AF100008FE31 /* Assets.xcassets */ = {isa = PBXFileReference; lastKnownFileType = folder.assetcatalog; path = Assets.xcassets; sourceTree = "<group>"; };
		5DFE4A251F75AF100008FE31 /* Base */ = {isa = PBXFileReference; lastKnownFileType = file.storyboard; name = Base; path = Base.lproj/LaunchScreen.storyboard; sourceTree = "<group>"; };
		5DFE4A271F75AF100008FE31 /* Info.plist */ = {isa = PBXFileReference; lastKnownFileType = text.plist.xml; path = Info.plist; sourceTree = "<group>"; };
		5DFE4A2C1F75AF100008FE31 /* Demo Swift ObjectMapperTests.xctest */ = {isa = PBXFileReference; explicitFileType = wrapper.cfbundle; includeInIndex = 0; path = "Demo Swift ObjectMapperTests.xctest"; sourceTree = BUILT_PRODUCTS_DIR; };
		5DFE4A301F75AF100008FE31 /* Demo_Swift_ObjectMapperTests.swift */ = {isa = PBXFileReference; lastKnownFileType = sourcecode.swift; path = Demo_Swift_ObjectMapperTests.swift; sourceTree = "<group>"; };
		5DFE4A321F75AF100008FE31 /* Info.plist */ = {isa = PBXFileReference; lastKnownFileType = text.plist.xml; path = Info.plist; sourceTree = "<group>"; };
		5DFE4A371F75AF100008FE31 /* Demo Swift ObjectMapperUITests.xctest */ = {isa = PBXFileReference; explicitFileType = wrapper.cfbundle; includeInIndex = 0; path = "Demo Swift ObjectMapperUITests.xctest"; sourceTree = BUILT_PRODUCTS_DIR; };
		5DFE4A3B1F75AF100008FE31 /* Demo_Swift_ObjectMapperUITests.swift */ = {isa = PBXFileReference; lastKnownFileType = sourcecode.swift; path = Demo_Swift_ObjectMapperUITests.swift; sourceTree = "<group>"; };
		5DFE4A3D1F75AF100008FE31 /* Info.plist */ = {isa = PBXFileReference; lastKnownFileType = text.plist.xml; path = Info.plist; sourceTree = "<group>"; };
		5DFE4AC11F763F340008FE31 /* ObjectMapper.framework */ = {isa = PBXFileReference; lastKnownFileType = wrapper.framework; name = ObjectMapper.framework; path = Carthage/Build/iOS/ObjectMapper.framework; sourceTree = "<group>"; };
		5DFE4AC41F7640000008FE31 /* Item.swift */ = {isa = PBXFileReference; fileEncoding = 4; lastKnownFileType = sourcecode.swift; name = Item.swift; path = Models/Item.swift; sourceTree = "<group>"; };
/* End PBXFileReference section */

/* Begin PBXFrameworksBuildPhase section */
		5DFE4A151F75AF100008FE31 /* Frameworks */ = {
			isa = PBXFrameworksBuildPhase;
			buildActionMask = 2147483647;
			files = (
				5DFE4AC21F763F340008FE31 /* ObjectMapper.framework in Frameworks */,
			);
			runOnlyForDeploymentPostprocessing = 0;
		};
		5DFE4A291F75AF100008FE31 /* Frameworks */ = {
			isa = PBXFrameworksBuildPhase;
			buildActionMask = 2147483647;
			files = (
			);
			runOnlyForDeploymentPostprocessing = 0;
		};
		5DFE4A341F75AF100008FE31 /* Frameworks */ = {
			isa = PBXFrameworksBuildPhase;
			buildActionMask = 2147483647;
			files = (
			);
			runOnlyForDeploymentPostprocessing = 0;
		};
/* End PBXFrameworksBuildPhase section */

/* Begin PBXGroup section */
		5DFE4A0F1F75AF100008FE31 = {
			isa = PBXGroup;
			children = (
				5DFE4A1A1F75AF100008FE31 /* Demo Swift ObjectMapper */,
				5DFE4A2F1F75AF100008FE31 /* Demo Swift ObjectMapperTests */,
				5DFE4A3A1F75AF100008FE31 /* Demo Swift ObjectMapperUITests */,
				5DFE4A191F75AF100008FE31 /* Products */,
				5DFE4AC01F763F340008FE31 /* Frameworks */,
			);
			sourceTree = "<group>";
		};
		5DFE4A191F75AF100008FE31 /* Products */ = {
			isa = PBXGroup;
			children = (
				5DFE4A181F75AF100008FE31 /* Demo Swift ObjectMapper.app */,
				5DFE4A2C1F75AF100008FE31 /* Demo Swift ObjectMapperTests.xctest */,
				5DFE4A371F75AF100008FE31 /* Demo Swift ObjectMapperUITests.xctest */,
			);
			name = Products;
			sourceTree = "<group>";
		};
		5DFE4A1A1F75AF100008FE31 /* Demo Swift ObjectMapper */ = {
			isa = PBXGroup;
			children = (
				5DFE4AC31F763F830008FE31 /* Models */,
				5DFE4A1B1F75AF100008FE31 /* AppDelegate.swift */,
				5DFE4A1D1F75AF100008FE31 /* ViewController.swift */,
				5DFE4A1F1F75AF100008FE31 /* Main.storyboard */,
				5DFE4A221F75AF100008FE31 /* Assets.xcassets */,
				5DFE4A241F75AF100008FE31 /* LaunchScreen.storyboard */,
				5DFE4A271F75AF100008FE31 /* Info.plist */,
			);
			path = "Demo Swift ObjectMapper";
			sourceTree = "<group>";
		};
		5DFE4A2F1F75AF100008FE31 /* Demo Swift ObjectMapperTests */ = {
			isa = PBXGroup;
			children = (
				5DFE4A301F75AF100008FE31 /* Demo_Swift_ObjectMapperTests.swift */,
				5DFE4A321F75AF100008FE31 /* Info.plist */,
			);
			path = "Demo Swift ObjectMapperTests";
			sourceTree = "<group>";
		};
		5DFE4A3A1F75AF100008FE31 /* Demo Swift ObjectMapperUITests */ = {
			isa = PBXGroup;
			children = (
				5DFE4A3B1F75AF100008FE31 /* Demo_Swift_ObjectMapperUITests.swift */,
				5DFE4A3D1F75AF100008FE31 /* Info.plist */,
			);
			path = "Demo Swift ObjectMapperUITests";
			sourceTree = "<group>";
		};
		5DFE4AC01F763F340008FE31 /* Frameworks */ = {
			isa = PBXGroup;
			children = (
				5DFE4AC11F763F340008FE31 /* ObjectMapper.framework */,
			);
			name = Frameworks;
			sourceTree = "<group>";
		};
		5DFE4AC31F763F830008FE31 /* Models */ = {
			isa = PBXGroup;
			children = (
				5DFE4AC41F7640000008FE31 /* Item.swift */,
			);
			name = Models;
			sourceTree = "<group>";
		};
/* End PBXGroup section */

/* Begin PBXNativeTarget section */
		5DFE4A171F75AF100008FE31 /* Demo Swift ObjectMapper */ = {
			isa = PBXNativeTarget;
			buildConfigurationList = 5DFE4A401F75AF100008FE31 /* Build configuration list for PBXNativeTarget "Demo Swift ObjectMapper" */;
			buildPhases = (
				5DFE4A141F75AF100008FE31 /* Sources */,
				5DFE4A151F75AF100008FE31 /* Frameworks */,
				5DFE4A161F75AF100008FE31 /* Resources */,
				5DFE4ABF1F763EF50008FE31 /* ShellScript */,
			);
			buildRules = (
			);
			dependencies = (
			);
			name = "Demo Swift ObjectMapper";
			productName = "Demo Swift ObjectMapper";
			productReference = 5DFE4A181F75AF100008FE31 /* Demo Swift ObjectMapper.app */;
			productType = "com.apple.product-type.application";
		};
		5DFE4A2B1F75AF100008FE31 /* Demo Swift ObjectMapperTests */ = {
			isa = PBXNativeTarget;
			buildConfigurationList = 5DFE4A431F75AF100008FE31 /* Build configuration list for PBXNativeTarget "Demo Swift ObjectMapperTests" */;
			buildPhases = (
				5DFE4A281F75AF100008FE31 /* Sources */,
				5DFE4A291F75AF100008FE31 /* Frameworks */,
				5DFE4A2A1F75AF100008FE31 /* Resources */,
			);
			buildRules = (
			);
			dependencies = (
				5DFE4A2E1F75AF100008FE31 /* PBXTargetDependency */,
			);
			name = "Demo Swift ObjectMapperTests";
			productName = "Demo Swift ObjectMapperTests";
			productReference = 5DFE4A2C1F75AF100008FE31 /* Demo Swift ObjectMapperTests.xctest */;
			productType = "com.apple.product-type.bundle.unit-test";
		};
		5DFE4A361F75AF100008FE31 /* Demo Swift ObjectMapperUITests */ = {
			isa = PBXNativeTarget;
			buildConfigurationList = 5DFE4A461F75AF100008FE31 /* Build configuration list for PBXNativeTarget "Demo Swift ObjectMapperUITests" */;
			buildPhases = (
				5DFE4A331F75AF100008FE31 /* Sources */,
				5DFE4A341F75AF100008FE31 /* Frameworks */,
				5DFE4A351F75AF100008FE31 /* Resources */,
			);
			buildRules = (
			);
			dependencies = (
				5DFE4A391F75AF100008FE31 /* PBXTargetDependency */,
			);
			name = "Demo Swift ObjectMapperUITests";
			productName = "Demo Swift ObjectMapperUITests";
			productReference = 5DFE4A371F75AF100008FE31 /* Demo Swift ObjectMapperUITests.xctest */;
			productType = "com.apple.product-type.bundle.ui-testing";
		};
/* End PBXNativeTarget section */

/* Begin PBXProject section */
		5DFE4A101F75AF100008FE31 /* Project object */ = {
			isa = PBXProject;
			attributes = {
				LastSwiftUpdateCheck = 0830;
				LastUpgradeCheck = 0830;
				ORGANIZATIONNAME = JoelParkerHenderson.com;
				TargetAttributes = {
					5DFE4A171F75AF100008FE31 = {
						CreatedOnToolsVersion = 8.3.3;
						DevelopmentTeam = G863BF9CVX;
						ProvisioningStyle = Automatic;
					};
					5DFE4A2B1F75AF100008FE31 = {
						CreatedOnToolsVersion = 8.3.3;
						ProvisioningStyle = Automatic;
						TestTargetID = 5DFE4A171F75AF100008FE31;
					};
					5DFE4A361F75AF100008FE31 = {
						CreatedOnToolsVersion = 8.3.3;
						ProvisioningStyle = Automatic;
						TestTargetID = 5DFE4A171F75AF100008FE31;
					};
				};
			};
			buildConfigurationList = 5DFE4A131F75AF100008FE31 /* Build configuration list for PBXProject "Demo Swift ObjectMapper" */;
			compatibilityVersion = "Xcode 3.2";
			developmentRegion = English;
			hasScannedForEncodings = 0;
			knownRegions = (
				en,
				Base,
			);
			mainGroup = 5DFE4A0F1F75AF100008FE31;
			productRefGroup = 5DFE4A191F75AF100008FE31 /* Products */;
			projectDirPath = "";
			projectRoot = "";
			targets = (
				5DFE4A171F75AF100008FE31 /* Demo Swift ObjectMapper */,
				5DFE4A2B1F75AF100008FE31 /* Demo Swift ObjectMapperTests */,
				5DFE4A361F75AF100008FE31 /* Demo Swift ObjectMapperUITests */,
			);
		};
/* End PBXProject section */

/* Begin PBXResourcesBuildPhase section */
		5DFE4A161F75AF100008FE31 /* Resources */ = {
			isa = PBXResourcesBuildPhase;
			buildActionMask = 2147483647;
			files = (
				5DFE4A261F75AF100008FE31 /* LaunchScreen.storyboard in Resources */,
				5DFE4A231F75AF100008FE31 /* Assets.xcassets in Resources */,
				5DFE4A211F75AF100008FE31 /* Main.storyboard in Resources */,
			);
			runOnlyForDeploymentPostprocessing = 0;
		};
		5DFE4A2A1F75AF100008FE31 /* Resources */ = {
			isa = PBXResourcesBuildPhase;
			buildActionMask = 2147483647;
			files = (
			);
			runOnlyForDeploymentPostprocessing = 0;
		};
		5DFE4A351F75AF100008FE31 /* Resources */ = {
			isa = PBXResourcesBuildPhase;
			buildActionMask = 2147483647;
			files = (
			);
			runOnlyForDeploymentPostprocessing = 0;
		};
/* End PBXResourcesBuildPhase section */

/* Begin PBXShellScriptBuildPhase section */
		5DFE4ABF1F763EF50008FE31 /* ShellScript */ = {
			isa = PBXShellScriptBuildPhase;
			buildActionMask = 2147483647;
			files = (
			);
			inputPaths = (
				"$(SRCROOT)/Carthage/Build/iOS/ObjectMapper.framework",
			);
			outputPaths = (
			);
			runOnlyForDeploymentPostprocessing = 0;
			shellPath = /bin/sh;
			shellScript = "/usr/local/bin/carthage copy-frameworks ";
		};
/* End PBXShellScriptBuildPhase section */

/* Begin PBXSourcesBuildPhase section */
		5DFE4A141F75AF100008FE31 /* Sources */ = {
			isa = PBXSourcesBuildPhase;
			buildActionMask = 2147483647;
			files = (
				5DFE4A1E1F75AF100008FE31 /* ViewController.swift in Sources */,
				5DFE4AC51F7640000008FE31 /* Item.swift in Sources */,
				5DFE4A1C1F75AF100008FE31 /* AppDelegate.swift in Sources */,
			);
			runOnlyForDeploymentPostprocessing = 0;
		};
		5DFE4A281F75AF100008FE31 /* Sources */ = {
			isa = PBXSourcesBuildPhase;
			buildActionMask = 2147483647;
			files = (
				5DFE4AC61F7640000008FE31 /* Item.swift in Sources */,
				5DFE4A311F75AF100008FE31 /* Demo_Swift_ObjectMapperTests.swift in Sources */,
			);
			runOnlyForDeploymentPostprocessing = 0;
		};
		5DFE4A331F75AF100008FE31 /* Sources */ = {
			isa = PBXSourcesBuildPhase;
			buildActionMask = 2147483647;
			files = (
				5DFE4AC71F7640000008FE31 /* Item.swift in Sources */,
				5DFE4A3C1F75AF100008FE31 /* Demo_Swift_ObjectMapperUITests.swift in Sources */,
			);
			runOnlyForDeploymentPostprocessing = 0;
		};
/* End PBXSourcesBuildPhase section */

/* Begin PBXTargetDependency section */
		5DFE4A2E1F75AF100008FE31 /* PBXTargetDependency */ = {
			isa = PBXTargetDependency;
			target = 5DFE4A171F75AF100008FE31 /* Demo Swift ObjectMapper */;
			targetProxy = 5DFE4A2D1F75AF100008FE31 /* PBXContainerItemProxy */;
		};
		5DFE4A391F75AF100008FE31 /* PBXTargetDependency */ = {
			isa = PBXTargetDependency;
			target = 5DFE4A171F75AF100008FE31 /* Demo Swift ObjectMapper */;
			targetProxy = 5DFE4A381F75AF100008FE31 /* PBXContainerItemProxy */;
		};
/* End PBXTargetDependency section */

/* Begin PBXVariantGroup section */
		5DFE4A1F1F75AF100008FE31 /* Main.storyboard */ = {
			isa = PBXVariantGroup;
			children = (
				5DFE4A201F75AF100008FE31 /* Base */,
			);
			name = Main.storyboard;
			sourceTree = "<group>";
		};
		5DFE4A241F75AF100008FE31 /* LaunchScreen.storyboard */ = {
			isa = PBXVariantGroup;
			children = (
				5DFE4A251F75AF100008FE31 /* Base */,
			);
			name = LaunchScreen.storyboard;
			sourceTree = "<group>";
		};
/* End PBXVariantGroup section */

/* Begin XCBuildConfiguration section */
		5DFE4A3E1F75AF100008FE31 /* Debug */ = {
			isa = XCBuildConfiguration;
			buildSettings = {
				ALWAYS_SEARCH_USER_PATHS = NO;
				CLANG_ANALYZER_NONNULL = YES;
				CLANG_ANALYZER_NUMBER_OBJECT_CONVERSION = YES_AGGRESSIVE;
				CLANG_CXX_LANGUAGE_STANDARD = "gnu++0x";
				CLANG_CXX_LIBRARY = "libc++";
				CLANG_ENABLE_MODULES = YES;
				CLANG_ENABLE_OBJC_ARC = YES;
				CLANG_WARN_BOOL_CONVERSION = YES;
				CLANG_WARN_CONSTANT_CONVERSION = YES;
				CLANG_WARN_DIRECT_OBJC_ISA_USAGE = YES_ERROR;
				CLANG_WARN_DOCUMENTATION_COMMENTS = YES;
				CLANG_WARN_EMPTY_BODY = YES;
				CLANG_WARN_ENUM_CONVERSION = YES;
				CLANG_WARN_INFINITE_RECURSION = YES;
				CLANG_WARN_INT_CONVERSION = YES;
				CLANG_WARN_OBJC_ROOT_CLASS = YES_ERROR;
				CLANG_WARN_SUSPICIOUS_MOVE = YES;
				CLANG_WARN_UNREACHABLE_CODE = YES;
				CLANG_WARN__DUPLICATE_METHOD_MATCH = YES;
				"CODE_SIGN_IDENTITY[sdk=iphoneos*]" = "iPhone Developer";
				COPY_PHASE_STRIP = NO;
				DEBUG_INFORMATION_FORMAT = dwarf;
				ENABLE_STRICT_OBJC_MSGSEND = YES;
				ENABLE_TESTABILITY = YES;
				GCC_C_LANGUAGE_STANDARD = gnu99;
				GCC_DYNAMIC_NO_PIC = NO;
				GCC_NO_COMMON_BLOCKS = YES;
				GCC_OPTIMIZATION_LEVEL = 0;
				GCC_PREPROCESSOR_DEFINITIONS = (
					"DEBUG=1",
					"$(inherited)",
				);
				GCC_WARN_64_TO_32_BIT_CONVERSION = YES;
				GCC_WARN_ABOUT_RETURN_TYPE = YES_ERROR;
				GCC_WARN_UNDECLARED_SELECTOR = YES;
				GCC_WARN_UNINITIALIZED_AUTOS = YES_AGGRESSIVE;
				GCC_WARN_UNUSED_FUNCTION = YES;
				GCC_WARN_UNUSED_VARIABLE = YES;
				IPHONEOS_DEPLOYMENT_TARGET = 10.3;
				MTL_ENABLE_DEBUG_INFO = YES;
				ONLY_ACTIVE_ARCH = YES;
				SDKROOT = iphoneos;
				SWIFT_ACTIVE_COMPILATION_CONDITIONS = DEBUG;
				SWIFT_OPTIMIZATION_LEVEL = "-Onone";
				TARGETED_DEVICE_FAMILY = "1,2";
			};
			name = Debug;
		};
		5DFE4A3F1F75AF100008FE31 /* Release */ = {
			isa = XCBuildConfiguration;
			buildSettings = {
				ALWAYS_SEARCH_USER_PATHS = NO;
				CLANG_ANALYZER_NONNULL = YES;
				CLANG_ANALYZER_NUMBER_OBJECT_CONVERSION = YES_AGGRESSIVE;
				CLANG_CXX_LANGUAGE_STANDARD = "gnu++0x";
				CLANG_CXX_LIBRARY = "libc++";
				CLANG_ENABLE_MODULES = YES;
				CLANG_ENABLE_OBJC_ARC = YES;
				CLANG_WARN_BOOL_CONVERSION = YES;
				CLANG_WARN_CONSTANT_CONVERSION = YES;
				CLANG_WARN_DIRECT_OBJC_ISA_USAGE = YES_ERROR;
				CLANG_WARN_DOCUMENTATION_COMMENTS = YES;
				CLANG_WARN_EMPTY_BODY = YES;
				CLANG_WARN_ENUM_CONVERSION = YES;
				CLANG_WARN_INFINITE_RECURSION = YES;
				CLANG_WARN_INT_CONVERSION = YES;
				CLANG_WARN_OBJC_ROOT_CLASS = YES_ERROR;
				CLANG_WARN_SUSPICIOUS_MOVE = YES;
				CLANG_WARN_UNREACHABLE_CODE = YES;
				CLANG_WARN__DUPLICATE_METHOD_MATCH = YES;
				"CODE_SIGN_IDENTITY[sdk=iphoneos*]" = "iPhone Developer";
				COPY_PHASE_STRIP = NO;
				DEBUG_INFORMATION_FORMAT = "dwarf-with-dsym";
				ENABLE_NS_ASSERTIONS = NO;
				ENABLE_STRICT_OBJC_MSGSEND = YES;
				GCC_C_LANGUAGE_STANDARD = gnu99;
				GCC_NO_COMMON_BLOCKS = YES;
				GCC_WARN_64_TO_32_BIT_CONVERSION = YES;
				GCC_WARN_ABOUT_RETURN_TYPE = YES_ERROR;
				GCC_WARN_UNDECLARED_SELECTOR = YES;
				GCC_WARN_UNINITIALIZED_AUTOS = YES_AGGRESSIVE;
				GCC_WARN_UNUSED_FUNCTION = YES;
				GCC_WARN_UNUSED_VARIABLE = YES;
				IPHONEOS_DEPLOYMENT_TARGET = 10.3;
				MTL_ENABLE_DEBUG_INFO = NO;
				SDKROOT = iphoneos;
				SWIFT_OPTIMIZATION_LEVEL = "-Owholemodule";
				TARGETED_DEVICE_FAMILY = "1,2";
				VALIDATE_PRODUCT = YES;
			};
			name = Release;
		};
		5DFE4A411F75AF100008FE31 /* Debug */ = {
			isa = XCBuildConfiguration;
			buildSettings = {
				ASSETCATALOG_COMPILER_APPICON_NAME = AppIcon;
				DEVELOPMENT_TEAM = G863BF9CVX;
				FRAMEWORK_SEARCH_PATHS = (
					"$(inherited)",
					"$(PROJECT_DIR)/Carthage/Build/iOS",
				);
				INFOPLIST_FILE = "Demo Swift ObjectMapper/Info.plist";
				LD_RUNPATH_SEARCH_PATHS = "$(inherited) @executable_path/Frameworks";
				PRODUCT_BUNDLE_IDENTIFIER = "com.joelparkerhenderson.Demo-Swift-ObjectMapper";
				PRODUCT_NAME = "$(TARGET_NAME)";
				SWIFT_VERSION = 3.0;
			};
			name = Debug;
		};
		5DFE4A421F75AF100008FE31 /* Release */ = {
			isa = XCBuildConfiguration;
			buildSettings = {
				ASSETCATALOG_COMPILER_APPICON_NAME = AppIcon;
				DEVELOPMENT_TEAM = G863BF9CVX;
				FRAMEWORK_SEARCH_PATHS = (
					"$(inherited)",
					"$(PROJECT_DIR)/Carthage/Build/iOS",
				);
				INFOPLIST_FILE = "Demo Swift ObjectMapper/Info.plist";
				LD_RUNPATH_SEARCH_PATHS = "$(inherited) @executable_path/Frameworks";
				PRODUCT_BUNDLE_IDENTIFIER = "com.joelparkerhenderson.Demo-Swift-ObjectMapper";
				PRODUCT_NAME = "$(TARGET_NAME)";
				SWIFT_VERSION = 3.0;
			};
			name = Release;
		};
		5DFE4A441F75AF100008FE31 /* Debug */ = {
			isa = XCBuildConfiguration;
			buildSettings = {
				ALWAYS_EMBED_SWIFT_STANDARD_LIBRARIES = YES;
				BUNDLE_LOADER = "$(TEST_HOST)";
				INFOPLIST_FILE = "Demo Swift ObjectMapperTests/Info.plist";
				LD_RUNPATH_SEARCH_PATHS = "$(inherited) @executable_path/Frameworks @loader_path/Frameworks";
				PRODUCT_BUNDLE_IDENTIFIER = "com.joelparkerhenderson.Demo-Swift-ObjectMapperTests";
				PRODUCT_NAME = "$(TARGET_NAME)";
				SWIFT_VERSION = 3.0;
				TEST_HOST = "$(BUILT_PRODUCTS_DIR)/Demo Swift ObjectMapper.app/Demo Swift ObjectMapper";
			};
			name = Debug;
		};
		5DFE4A451F75AF100008FE31 /* Release */ = {
			isa = XCBuildConfiguration;
			buildSettings = {
				ALWAYS_EMBED_SWIFT_STANDARD_LIBRARIES = YES;
				BUNDLE_LOADER = "$(TEST_HOST)";
				INFOPLIST_FILE = "Demo Swift ObjectMapperTests/Info.plist";
				LD_RUNPATH_SEARCH_PATHS = "$(inherited) @executable_path/Frameworks @loader_path/Frameworks";
				PRODUCT_BUNDLE_IDENTIFIER = "com.joelparkerhenderson.Demo-Swift-ObjectMapperTests";
				PRODUCT_NAME = "$(TARGET_NAME)";
				SWIFT_VERSION = 3.0;
				TEST_HOST = "$(BUILT_PRODUCTS_DIR)/Demo Swift ObjectMapper.app/Demo Swift ObjectMapper";
			};
			name = Release;
		};
		5DFE4A471F75AF100008FE31 /* Debug */ = {
			isa = XCBuildConfiguration;
			buildSettings = {
				ALWAYS_EMBED_SWIFT_STANDARD_LIBRARIES = YES;
				INFOPLIST_FILE = "Demo Swift ObjectMapperUITests/Info.plist";
				LD_RUNPATH_SEARCH_PATHS = "$(inherited) @executable_path/Frameworks @loader_path/Frameworks";
				PRODUCT_BUNDLE_IDENTIFIER = "com.joelparkerhenderson.Demo-Swift-ObjectMapperUITests";
				PRODUCT_NAME = "$(TARGET_NAME)";
				SWIFT_VERSION = 3.0;
				TEST_TARGET_NAME = "Demo Swift ObjectMapper";
			};
			name = Debug;
		};
		5DFE4A481F75AF100008FE31 /* Release */ = {
			isa = XCBuildConfiguration;
			buildSettings = {
				ALWAYS_EMBED_SWIFT_STANDARD_LIBRARIES = YES;
				INFOPLIST_FILE = "Demo Swift ObjectMapperUITests/Info.plist";
				LD_RUNPATH_SEARCH_PATHS = "$(inherited) @executable_path/Frameworks @loader_path/Frameworks";
				PRODUCT_BUNDLE_IDENTIFIER = "com.joelparkerhenderson.Demo-Swift-ObjectMapperUITests";
				PRODUCT_NAME = "$(TARGET_NAME)";
				SWIFT_VERSION = 3.0;
				TEST_TARGET_NAME = "Demo Swift ObjectMapper";
			};
			name = Release;
		};
/* End XCBuildConfiguration section */

/* Begin XCConfigurationList section */
		5DFE4A131F75AF100008FE31 /* Build configuration list for PBXProject "Demo Swift ObjectMapper" */ = {
			isa = XCConfigurationList;
			buildConfigurations = (
				5DFE4A3E1F75AF100008FE31 /* Debug */,
				5DFE4A3F1F75AF100008FE31 /* Release */,
			);
			defaultConfigurationIsVisible = 0;
			defaultConfigurationName = Release;
		};
		5DFE4A401F75AF100008FE31 /* Build configuration list for PBXNativeTarget "Demo Swift ObjectMapper" */ = {
			isa = XCConfigurationList;
			buildConfigurations = (
				5DFE4A411F75AF100008FE31 /* Debug */,
				5DFE4A421F75AF100008FE31 /* Release */,
			);
			defaultConfigurationIsVisible = 0;
			defaultConfigurationName = Release;
		};
		5DFE4A431F75AF100008FE31 /* Build configuration list for PBXNativeTarget "Demo Swift ObjectMapperTests" */ = {
			isa = XCConfigurationList;
			buildConfigurations = (
				5DFE4A441F75AF100008FE31 /* Debug */,
				5DFE4A451F75AF100008FE31 /* Release */,
			);
			defaultConfigurationIsVisible = 0;
			defaultConfigurationName = Release;
		};
		5DFE4A461F75AF100008FE31 /* Build configuration list for PBXNativeTarget "Demo Swift ObjectMapperUITests" */ = {
			isa = XCConfigurationList;
			buildConfigurations = (
				5DFE4A471F75AF100008FE31 /* Debug */,
				5DFE4A481F75AF100008FE31 /* Release */,
			);
			defaultConfigurationIsVisible = 0;
			defaultConfigurationName = Release;
		};
/* End XCConfigurationList section */
	};
	rootObject = 5DFE4A101F75AF100008FE31 /* Project object */;
}
